
Microsoft Visual Studio Solution File, Format Version 12.00
# Visual Studio Version 17
VisualStudioVersion = 17.2.32526.322
MinimumVisualStudioVersion = 10.0.40219.1
Project("{2150E333-8FDC-42A3-9474-1A3956D46DE8}") = "Common", "Common", "{EBA457FB-B1C6-4A62-9A2A-FC11D88676D6}"
EndProject
Project("{2150E333-8FDC-42A3-9474-1A3956D46DE8}") = "Logging", "Logging", "{AFF16E23-30CD-4EE1-B3EA-0A481FD99ABA}"
EndProject
Project("{2150E333-8FDC-42A3-9474-1A3956D46DE8}") = "Metrics", "Metrics", "{6BB8E6CE-F4F1-43B0-B7CF-A2A407351EC9}"
EndProject
Project("{2150E333-8FDC-42A3-9474-1A3956D46DE8}") = "Tracing", "Tracing", "{748C8084-9633-4F2C-84D9-E1C8FFB6FB39}"
EndProject
Project("{2150E333-8FDC-42A3-9474-1A3956D46DE8}") = "Middlewares", "Middlewares", "{DFCC7D97-1FED-4343-9216-7D76FB966810}"
EndProject
Project("{FAE04EC0-301F-11D3-BF4B-00C04F79EFBC}") = "Iris.Common", "Common\Iris.Common\Iris.Common.csproj", "{DFAFAB48-CA61-4221-97BB-0101734C0077}"
EndProject
Global
	GlobalSection(SolutionConfigurationPlatforms) = preSolution
		Debug|Any CPU = Debug|Any CPU
		Release|Any CPU = Release|Any CPU
	EndGlobalSection
	GlobalSection(ProjectConfigurationPlatforms) = postSolution
		{DFAFAB48-CA61-4221-97BB-0101734C0077}.Debug|Any CPU.ActiveCfg = Debug|Any CPU
		{DFAFAB48-CA61-4221-97BB-0101734C0077}.Debug|Any CPU.Build.0 = Debug|Any CPU
		{DFAFAB48-CA61-4221-97BB-0101734C0077}.Release|Any CPU.ActiveCfg = Release|Any CPU
		{DFAFAB48-CA61-4221-97BB-0101734C0077}.Release|Any CPU.Build.0 = Release|Any CPU
	EndGlobalSection
	GlobalSection(SolutionProperties) = preSolution
		HideSolutionNode = FALSE
	EndGlobalSection
	GlobalSection(NestedProjects) = preSolution
		{DFAFAB48-CA61-4221-97BB-0101734C0077} = {EBA457FB-B1C6-4A62-9A2A-FC11D88676D6}
	EndGlobalSection
	GlobalSection(ExtensibilityGlobals) = postSolution
		SolutionGuid = {C07A2FA9-FA7D-454D-BC92-3F1B12893344}
	EndGlobalSection
EndGlobal
